
Microsoft Visual Studio Solution File, Format Version 12.00
# Visual Studio 14
VisualStudioVersion = 14.0.25420.1
MinimumVisualStudioVersion = 10.0.40219.1
Project("{FAE04EC0-301F-11D3-BF4B-00C04F79EFBC}") = "ComicBookGallery", "ComicBookGallery\ComicBookGallery.csproj", "{B3AFFD95-6D65-4781-B1FD-38A132B705FF}"
EndProject
Global
	GlobalSection(SolutionConfigurationPlatforms) = preSolution
		Debug|Any CPU = Debug|Any CPU
		Release|Any CPU = Release|Any CPU
	EndGlobalSection
	GlobalSection(ProjectConfigurationPlatforms) = postSolution
		{B3AFFD95-6D65-4781-B1FD-38A132B705FF}.Debug|Any CPU.ActiveCfg = Debug|Any CPU
		{B3AFFD95-6D65-4781-B1FD-38A132B705FF}.Debug|Any CPU.Build.0 = Debug|Any CPU
		{B3AFFD95-6D65-4781-B1FD-38A132B705FF}.Release|Any CPU.ActiveCfg = Release|Any CPU
		{B3AFFD95-6D65-4781-B1FD-38A132B705FF}.Release|Any CPU.Build.0 = Release|Any CPU
	EndGlobalSection
	GlobalSection(SolutionProperties) = preSolution
		HideSolutionNode = FALSE
	EndGlobalSection
EndGlobal
